// !$*UTF8*$!
{
	archiveVersion = 1;
	classes = {
	};
	objectVersion = 46;
	objects = {

/* Begin PBXBuildFile section */
		A7388A4C19CB85CA008071D6 /* AppDelegate.swift in Sources */ = {isa = PBXBuildFile; fileRef = A7388A4B19CB85CA008071D6 /* AppDelegate.swift */; };
		A7388A4E19CB85CA008071D6 /* Images.xcassets in Resources */ = {isa = PBXBuildFile; fileRef = A7388A4D19CB85CA008071D6 /* Images.xcassets */; };
		A7388A5119CB85CA008071D6 /* MainMenu.xib in Resources */ = {isa = PBXBuildFile; fileRef = A7388A4F19CB85CA008071D6 /* MainMenu.xib */; };
		A7388A5D19CB85CA008071D6 /* BLELockTests.swift in Sources */ = {isa = PBXBuildFile; fileRef = A7388A5C19CB85CA008071D6 /* BLELockTests.swift */; };
/* End PBXBuildFile section */

/* Begin PBXContainerItemProxy section */
		A7388A5719CB85CA008071D6 /* PBXContainerItemProxy */ = {
			isa = PBXContainerItemProxy;
			containerPortal = A7388A3E19CB85C9008071D6 /* Project object */;
			proxyType = 1;
			remoteGlobalIDString = A7388A4519CB85CA008071D6;
			remoteInfo = BLELock;
		};
/* End PBXContainerItemProxy section */

/* Begin PBXFileReference section */
		A7388A4619CB85CA008071D6 /* BLELock.app */ = {isa = PBXFileReference; explicitFileType = wrapper.application; includeInIndex = 0; path = BLELock.app; sourceTree = BUILT_PRODUCTS_DIR; };
		A7388A4A19CB85CA008071D6 /* Info.plist */ = {isa = PBXFileReference; lastKnownFileType = text.plist.xml; path = Info.plist; sourceTree = "<group>"; };
		A7388A4B19CB85CA008071D6 /* AppDelegate.swift */ = {isa = PBXFileReference; lastKnownFileType = sourcecode.swift; path = AppDelegate.swift; sourceTree = "<group>"; };
		A7388A4D19CB85CA008071D6 /* Images.xcassets */ = {isa = PBXFileReference; lastKnownFileType = folder.assetcatalog; path = Images.xcassets; sourceTree = "<group>"; };
		A7388A5019CB85CA008071D6 /* Base */ = {isa = PBXFileReference; lastKnownFileType = file.xib; name = Base; path = Base.lproj/MainMenu.xib; sourceTree = "<group>"; };
		A7388A5619CB85CA008071D6 /* BLELockTests.xctest */ = {isa = PBXFileReference; explicitFileType = wrapper.cfbundle; includeInIndex = 0; path = BLELockTests.xctest; sourceTree = BUILT_PRODUCTS_DIR; };
		A7388A5B19CB85CA008071D6 /* Info.plist */ = {isa = PBXFileReference; lastKnownFileType = text.plist.xml; path = Info.plist; sourceTree = "<group>"; };
		A7388A5C19CB85CA008071D6 /* BLELockTests.swift */ = {isa = PBXFileReference; lastKnownFileType = sourcecode.swift; path = BLELockTests.swift; sourceTree = "<group>"; };
/* End PBXFileReference section */

/* Begin PBXFrameworksBuildPhase section */
		A7388A4319CB85CA008071D6 /* Frameworks */ = {
			isa = PBXFrameworksBuildPhase;
			buildActionMask = 2147483647;
			files = (
			);
			runOnlyForDeploymentPostprocessing = 0;
		};
		A7388A5319CB85CA008071D6 /* Frameworks */ = {
			isa = PBXFrameworksBuildPhase;
			buildActionMask = 2147483647;
			files = (
			);
			runOnlyForDeploymentPostprocessing = 0;
		};
/* End PBXFrameworksBuildPhase section */

/* Begin PBXGroup section */
		A7388A3D19CB85C9008071D6 = {
			isa = PBXGroup;
			children = (
				A7388A4819CB85CA008071D6 /* BLELock */,
				A7388A5919CB85CA008071D6 /* BLELockTests */,
				A7388A4719CB85CA008071D6 /* Products */,
			);
			sourceTree = "<group>";
		};
		A7388A4719CB85CA008071D6 /* Products */ = {
			isa = PBXGroup;
			children = (
				A7388A4619CB85CA008071D6 /* BLELock.app */,
				A7388A5619CB85CA008071D6 /* BLELockTests.xctest */,
			);
			name = Products;
			sourceTree = "<group>";
		};
		A7388A4819CB85CA008071D6 /* BLELock */ = {
			isa = PBXGroup;
			children = (
				A7388A4B19CB85CA008071D6 /* AppDelegate.swift */,
				A7388A4D19CB85CA008071D6 /* Images.xcassets */,
				A7388A4F19CB85CA008071D6 /* MainMenu.xib */,
				A7388A4919CB85CA008071D6 /* Supporting Files */,
			);
			path = BLELock;
			sourceTree = "<group>";
		};
		A7388A4919CB85CA008071D6 /* Supporting Files */ = {
			isa = PBXGroup;
			children = (
				A7388A4A19CB85CA008071D6 /* Info.plist */,
			);
			name = "Supporting Files";
			sourceTree = "<group>";
		};
		A7388A5919CB85CA008071D6 /* BLELockTests */ = {
			isa = PBXGroup;
			children = (
				A7388A5C19CB85CA008071D6 /* BLELockTests.swift */,
				A7388A5A19CB85CA008071D6 /* Supporting Files */,
			);
			path = BLELockTests;
			sourceTree = "<group>";
		};
		A7388A5A19CB85CA008071D6 /* Supporting Files */ = {
			isa = PBXGroup;
			children = (
				A7388A5B19CB85CA008071D6 /* Info.plist */,
			);
			name = "Supporting Files";
			sourceTree = "<group>";
		};
/* End PBXGroup section */

/* Begin PBXNativeTarget section */
		A7388A4519CB85CA008071D6 /* BLELock */ = {
			isa = PBXNativeTarget;
			buildConfigurationList = A7388A6019CB85CA008071D6 /* Build configuration list for PBXNativeTarget "BLELock" */;
			buildPhases = (
				A7388A4219CB85CA008071D6 /* Sources */,
				A7388A4319CB85CA008071D6 /* Frameworks */,
				A7388A4419CB85CA008071D6 /* Resources */,
			);
			buildRules = (
			);
			dependencies = (
			);
			name = BLELock;
			productName = BLELock;
			productReference = A7388A4619CB85CA008071D6 /* BLELock.app */;
			productType = "com.apple.product-type.application";
		};
		A7388A5519CB85CA008071D6 /* BLELockTests */ = {
			isa = PBXNativeTarget;
			buildConfigurationList = A7388A6319CB85CA008071D6 /* Build configuration list for PBXNativeTarget "BLELockTests" */;
			buildPhases = (
				A7388A5219CB85CA008071D6 /* Sources */,
				A7388A5319CB85CA008071D6 /* Frameworks */,
				A7388A5419CB85CA008071D6 /* Resources */,
			);
			buildRules = (
			);
			dependencies = (
				A7388A5819CB85CA008071D6 /* PBXTargetDependency */,
			);
			name = BLELockTests;
			productName = BLELockTests;
			productReference = A7388A5619CB85CA008071D6 /* BLELockTests.xctest */;
			productType = "com.apple.product-type.bundle.unit-test";
		};
/* End PBXNativeTarget section */

/* Begin PBXProject section */
		A7388A3E19CB85C9008071D6 /* Project object */ = {
			isa = PBXProject;
			attributes = {
				LastUpgradeCheck = 0610;
				ORGANIZATIONNAME = sublimeintervention;
				TargetAttributes = {
					A7388A4519CB85CA008071D6 = {
						CreatedOnToolsVersion = 6.1;
					};
					A7388A5519CB85CA008071D6 = {
						CreatedOnToolsVersion = 6.1;
						TestTargetID = A7388A4519CB85CA008071D6;
					};
				};
			};
			buildConfigurationList = A7388A4119CB85CA008071D6 /* Build configuration list for PBXProject "BLELock" */;
			compatibilityVersion = "Xcode 3.2";
			developmentRegion = English;
			hasScannedForEncodings = 0;
			knownRegions = (
				en,
				Base,
			);
			mainGroup = A7388A3D19CB85C9008071D6;
			productRefGroup = A7388A4719CB85CA008071D6 /* Products */;
			projectDirPath = "";
			projectRoot = "";
			targets = (
				A7388A4519CB85CA008071D6 /* BLELock */,
				A7388A5519CB85CA008071D6 /* BLELockTests */,
			);
		};
/* End PBXProject section */

/* Begin PBXResourcesBuildPhase section */
		A7388A4419CB85CA008071D6 /* Resources */ = {
			isa = PBXResourcesBuildPhase;
			buildActionMask = 2147483647;
			files = (
				A7388A4E19CB85CA008071D6 /* Images.xcassets in Resources */,
				A7388A5119CB85CA008071D6 /* MainMenu.xib in Resources */,
			);
			runOnlyForDeploymentPostprocessing = 0;
		};
		A7388A5419CB85CA008071D6 /* Resources */ = {
			isa = PBXResourcesBuildPhase;
			buildActionMask = 2147483647;
			files = (
			);
			runOnlyForDeploymentPostprocessing = 0;
		};
/* End PBXResourcesBuildPhase section */

/* Begin PBXSourcesBuildPhase section */
		A7388A4219CB85CA008071D6 /* Sources */ = {
			isa = PBXSourcesBuildPhase;
			buildActionMask = 2147483647;
			files = (
				A7388A4C19CB85CA008071D6 /* AppDelegate.swift in Sources */,
			);
			runOnlyForDeploymentPostprocessing = 0;
		};
		A7388A5219CB85CA008071D6 /* Sources */ = {
			isa = PBXSourcesBuildPhase;
			buildActionMask = 2147483647;
			files = (
				A7388A5D19CB85CA008071D6 /* BLELockTests.swift in Sources */,
			);
			runOnlyForDeploymentPostprocessing = 0;
		};
/* End PBXSourcesBuildPhase section */

/* Begin PBXTargetDependency section */
		A7388A5819CB85CA008071D6 /* PBXTargetDependency */ = {
			isa = PBXTargetDependency;
			target = A7388A4519CB85CA008071D6 /* BLELock */;
			targetProxy = A7388A5719CB85CA008071D6 /* PBXContainerItemProxy */;
		};
/* End PBXTargetDependency section */

/* Begin PBXVariantGroup section */
		A7388A4F19CB85CA008071D6 /* MainMenu.xib */ = {
			isa = PBXVariantGroup;
			children = (
				A7388A5019CB85CA008071D6 /* Base */,
			);
			name = MainMenu.xib;
			sourceTree = "<group>";
		};
/* End PBXVariantGroup section */

/* Begin XCBuildConfiguration section */
		A7388A5E19CB85CA008071D6 /* Debug */ = {
			isa = XCBuildConfiguration;
			buildSettings = {
				ALWAYS_SEARCH_USER_PATHS = NO;
				CLANG_CXX_LANGUAGE_STANDARD = "gnu++0x";
				CLANG_CXX_LIBRARY = "libc++";
				CLANG_ENABLE_MODULES = YES;
				CLANG_ENABLE_OBJC_ARC = YES;
				CLANG_WARN_BOOL_CONVERSION = YES;
				CLANG_WARN_CONSTANT_CONVERSION = YES;
				CLANG_WARN_DIRECT_OBJC_ISA_USAGE = YES_ERROR;
				CLANG_WARN_EMPTY_BODY = YES;
				CLANG_WARN_ENUM_CONVERSION = YES;
				CLANG_WARN_INT_CONVERSION = YES;
				CLANG_WARN_OBJC_ROOT_CLASS = YES_ERROR;
				CLANG_WARN_UNREACHABLE_CODE = YES;
				CLANG_WARN__DUPLICATE_METHOD_MATCH = YES;
				CODE_SIGN_IDENTITY = "-";
				COPY_PHASE_STRIP = NO;
				ENABLE_STRICT_OBJC_MSGSEND = YES;
				GCC_C_LANGUAGE_STANDARD = gnu99;
				GCC_DYNAMIC_NO_PIC = NO;
				GCC_OPTIMIZATION_LEVEL = 0;
				GCC_PREPROCESSOR_DEFINITIONS = (
					"DEBUG=1",
					"$(inherited)",
				);
				GCC_SYMBOLS_PRIVATE_EXTERN = NO;
				GCC_WARN_64_TO_32_BIT_CONVERSION = YES;
				GCC_WARN_ABOUT_RETURN_TYPE = YES_ERROR;
				GCC_WARN_UNDECLARED_SELECTOR = YES;
				GCC_WARN_UNINITIALIZED_AUTOS = YES_AGGRESSIVE;
				GCC_WARN_UNUSED_FUNCTION = YES;
				GCC_WARN_UNUSED_VARIABLE = YES;
				MACOSX_DEPLOYMENT_TARGET = 10.9;
				MTL_ENABLE_DEBUG_INFO = YES;
				ONLY_ACTIVE_ARCH = YES;
				SDKROOT = macosx;
				SWIFT_OPTIMIZATION_LEVEL = "-Onone";
			};
			name = Debug;
		};
		A7388A5F19CB85CA008071D6 /* Release */ = {
			isa = XCBuildConfiguration;
			buildSettings = {
				ALWAYS_SEARCH_USER_PATHS = NO;
				CLANG_CXX_LANGUAGE_STANDARD = "gnu++0x";
				CLANG_CXX_LIBRARY = "libc++";
				CLANG_ENABLE_MODULES = YES;
				CLANG_ENABLE_OBJC_ARC = YES;
				CLANG_WARN_BOOL_CONVERSION = YES;
				CLANG_WARN_CONSTANT_CONVERSION = YES;
				CLANG_WARN_DIRECT_OBJC_ISA_USAGE = YES_ERROR;
				CLANG_WARN_EMPTY_BODY = YES;
				CLANG_WARN_ENUM_CONVERSION = YES;
				CLANG_WARN_INT_CONVERSION = YES;
				CLANG_WARN_OBJC_ROOT_CLASS = YES_ERROR;
				CLANG_WARN_UNREACHABLE_CODE = YES;
				CLANG_WARN__DUPLICATE_METHOD_MATCH = YES;
				CODE_SIGN_IDENTITY = "-";
				COPY_PHASE_STRIP = YES;
				DEBUG_INFORMATION_FORMAT = "dwarf-with-dsym";
				ENABLE_NS_ASSERTIONS = NO;
				ENABLE_STRICT_OBJC_MSGSEND = YES;
				GCC_C_LANGUAGE_STANDARD = gnu99;
				GCC_WARN_64_TO_32_BIT_CONVERSION = YES;
				GCC_WARN_ABOUT_RETURN_TYPE = YES_ERROR;
				GCC_WARN_UNDECLARED_SELECTOR = YES;
				GCC_WARN_UNINITIALIZED_AUTOS = YES_AGGRESSIVE;
				GCC_WARN_UNUSED_FUNCTION = YES;
				GCC_WARN_UNUSED_VARIABLE = YES;
				MACOSX_DEPLOYMENT_TARGET = 10.9;
				MTL_ENABLE_DEBUG_INFO = NO;
				SDKROOT = macosx;
			};
			name = Release;
		};
		A7388A6119CB85CA008071D6 /* Debug */ = {
			isa = XCBuildConfiguration;
			buildSettings = {
				ASSETCATALOG_COMPILER_APPICON_NAME = AppIcon;
				COMBINE_HIDPI_IMAGES = YES;
				INFOPLIST_FILE = BLELock/Info.plist;
				LD_RUNPATH_SEARCH_PATHS = "$(inherited) @executable_path/../Frameworks";
				PRODUCT_NAME = "$(TARGET_NAME)";
			};
			name = Debug;
		};
		A7388A6219CB85CA008071D6 /* Release */ = {
			isa = XCBuildConfiguration;
			buildSettings = {
				ASSETCATALOG_COMPILER_APPICON_NAME = AppIcon;
				COMBINE_HIDPI_IMAGES = YES;
				INFOPLIST_FILE = BLELock/Info.plist;
				LD_RUNPATH_SEARCH_PATHS = "$(inherited) @executable_path/../Frameworks";
				PRODUCT_NAME = "$(TARGET_NAME)";
			};
			name = Release;
		};
		A7388A6419CB85CA008071D6 /* Debug */ = {
			isa = XCBuildConfiguration;
			buildSettings = {
				BUNDLE_LOADER = "$(TEST_HOST)";
				COMBINE_HIDPI_IMAGES = YES;
				FRAMEWORK_SEARCH_PATHS = (
					"$(DEVELOPER_FRAMEWORKS_DIR)",
					"$(inherited)",
				);
				GCC_PREPROCESSOR_DEFINITIONS = (
					"DEBUG=1",
					"$(inherited)",
				);
				INFOPLIST_FILE = BLELockTests/Info.plist;
				LD_RUNPATH_SEARCH_PATHS = "$(inherited) @executable_path/../Frameworks @loader_path/../Frameworks";
				PRODUCT_NAME = "$(TARGET_NAME)";
				TEST_HOST = "$(BUILT_PRODUCTS_DIR)/BLELock.app/Contents/MacOS/BLELock";
			};
			name = Debug;
		};
		A7388A6519CB85CA008071D6 /* Release */ = {
			isa = XCBuildConfiguration;
			buildSettings = {
				BUNDLE_LOADER = "$(TEST_HOST)";
				COMBINE_HIDPI_IMAGES = YES;
				FRAMEWORK_SEARCH_PATHS = (
					"$(DEVELOPER_FRAMEWORKS_DIR)",
					"$(inherited)",
				);
				INFOPLIST_FILE = BLELockTests/Info.plist;
				LD_RUNPATH_SEARCH_PATHS = "$(inherited) @executable_path/../Frameworks @loader_path/../Frameworks";
				PRODUCT_NAME = "$(TARGET_NAME)";
				TEST_HOST = "$(BUILT_PRODUCTS_DIR)/BLELock.app/Contents/MacOS/BLELock";
			};
			name = Release;
		};
/* End XCBuildConfiguration section */

/* Begin XCConfigurationList section */
		A7388A4119CB85CA008071D6 /* Build configuration list for PBXProject "BLELock" */ = {
			isa = XCConfigurationList;
			buildConfigurations = (
				A7388A5E19CB85CA008071D6 /* Debug */,
				A7388A5F19CB85CA008071D6 /* Release */,
			);
			defaultConfigurationIsVisible = 0;
			defaultConfigurationName = Release;
		};
		A7388A6019CB85CA008071D6 /* Build configuration list for PBXNativeTarget "BLELock" */ = {
			isa = XCConfigurationList;
			buildConfigurations = (
				A7388A6119CB85CA008071D6 /* Debug */,
				A7388A6219CB85CA008071D6 /* Release */,
			);
			defaultConfigurationIsVisible = 0;
		};
		A7388A6319CB85CA008071D6 /* Build configuration list for PBXNativeTarget "BLELockTests" */ = {
			isa = XCConfigurationList;
			buildConfigurations = (
				A7388A6419CB85CA008071D6 /* Debug */,
				A7388A6519CB85CA008071D6 /* Release */,
			);
			defaultConfigurationIsVisible = 0;
		};
/* End XCConfigurationList section */
	};
	rootObject = A7388A3E19CB85C9008071D6 /* Project object */;
}
